
Microsoft Visual Studio Solution File, Format Version 12.00
# Visual Studio Version 16
VisualStudioVersion = 16.0.29102.190
MinimumVisualStudioVersion = 10.0.40219.1
Project("{FAE04EC0-301F-11D3-BF4B-00C04F79EFBC}") = "FreezeTest", "FreezeTest.csproj", "{1660E67A-B140-4D86-B94B-6E1A035B8593}"
EndProject
Global
	GlobalSection(SolutionConfigurationPlatforms) = preSolution
		Debug|Any CPU = Debug|Any CPU
		Release|Any CPU = Release|Any CPU
	EndGlobalSection
	GlobalSection(ProjectConfigurationPlatforms) = postSolution
		{1660E67A-B140-4D86-B94B-6E1A035B8593}.Debug|Any CPU.ActiveCfg = Debug|Any CPU
		{1660E67A-B140-4D86-B94B-6E1A035B8593}.Debug|Any CPU.Build.0 = Debug|Any CPU
		{1660E67A-B140-4D86-B94B-6E1A035B8593}.Release|Any CPU.ActiveCfg = Release|Any CPU
		{1660E67A-B140-4D86-B94B-6E1A035B8593}.Release|Any CPU.Build.0 = Release|Any CPU
	EndGlobalSection
	GlobalSection(SolutionProperties) = preSolution
		HideSolutionNode = FALSE
	EndGlobalSection
	GlobalSection(ExtensibilityGlobals) = postSolution
		SolutionGuid = {12C175B3-2B49-44CE-8789-82F0ADB9A17F}
	EndGlobalSection
EndGlobal
